
Microsoft Visual Studio Solution File, Format Version 12.00
# Visual Studio Version 17
VisualStudioVersion = 17.5.002.0
MinimumVisualStudioVersion = 10.0.40219.1
Project("{9A19103F-16F7-4668-BE54-9A1E7A4F7556}") = "LibraryManagementSystem", "LibraryManagementSystem.csproj", "{1A79FC95-4B4B-498C-BD67-732F77628D50}"
EndProject
Global
	GlobalSection(SolutionConfigurationPlatforms) = preSolution
		Debug|Any CPU = Debug|Any CPU
		Release|Any CPU = Release|Any CPU
	EndGlobalSection
	GlobalSection(ProjectConfigurationPlatforms) = postSolution
		{1A79FC95-4B4B-498C-BD67-732F77628D50}.Debug|Any CPU.ActiveCfg = Debug|Any CPU
		{1A79FC95-4B4B-498C-BD67-732F77628D50}.Debug|Any CPU.Build.0 = Debug|Any CPU
		{1A79FC95-4B4B-498C-BD67-732F77628D50}.Release|Any CPU.ActiveCfg = Release|Any CPU
		{1A79FC95-4B4B-498C-BD67-732F77628D50}.Release|Any CPU.Build.0 = Release|Any CPU
	EndGlobalSection
	GlobalSection(SolutionProperties) = preSolution
		HideSolutionNode = FALSE
	EndGlobalSection
	GlobalSection(ExtensibilityGlobals) = postSolution
		SolutionGuid = {E5F97877-885F-4DDE-BF9C-CE392B33F7B0}
	EndGlobalSection
EndGlobal
